{
  "name": "gameboy-finder",
  "version": "1.0.0",
  "lockfileVersion": 1,
  "requires": true,
  "dependencies": {
    "ebay-node-api": {
      "version": "2.5.5",
      "resolved": "https://registry.npmjs.org/ebay-node-api/-/ebay-node-api-2.5.5.tgz",
      "integrity": "sha512-i0JWLSw99w13mvS0FmThlLZeWq2Lsg9JstxYqIbHaSrwn5sfjy0CFEdjLW3Wsh2FRR5HrWNKThnU+yW3NiLR9A==",
      "requires": {
        "make-string": "^1.0.2"
      }
    },
    "make-string": {
      "version": "1.0.2",
      "resolved": "https://registry.npmjs.org/make-string/-/make-string-1.0.2.tgz",
      "integrity": "sha512-nse7+Gac9wyQdVW0wORHSCKdODukyHLE2tqyB5RmE6XM7hROx+rlOVMv+ezhZhizBoVt4L+kVcdWB0d7ohr84g=="
    }
  }
}
